// !$*UTF8*$!
{
	archiveVersion = 1;
	classes = {
	};
	objectVersion = 46;
	objects = {

/* Begin PBXBuildFile section */
		AA0709CF19DE76CD005760BB /* MyProfileViewController.m in Sources */ = {isa = PBXBuildFile; fileRef = AA0709CE19DE76CD005760BB /* MyProfileViewController.m */; };
		AA0709D219DE84BC005760BB /* Bolts.framework in Frameworks */ = {isa = PBXBuildFile; fileRef = AA0709D019DE84BC005760BB /* Bolts.framework */; };
		AA0709D319DE84BC005760BB /* Parse.framework in Frameworks */ = {isa = PBXBuildFile; fileRef = AA0709D119DE84BC005760BB /* Parse.framework */; };
		AA0709D719DE861C005760BB /* ParseFacebookUtils.framework in Frameworks */ = {isa = PBXBuildFile; fileRef = AA0709D619DE861C005760BB /* ParseFacebookUtils.framework */; };
		AA0709DA19DE885F005760BB /* FacebookSDK.framework in Frameworks */ = {isa = PBXBuildFile; fileRef = AA0709D919DE885F005760BB /* FacebookSDK.framework */; };
		AA0709DD19E0A592005760BB /* THChatInput.m in Sources */ = {isa = PBXBuildFile; fileRef = AA0709DC19E0A592005760BB /* THChatInput.m */; };
		AA0709E319E0BF62005760BB /* AvenirNextLTPro-Medium.otf in Resources */ = {isa = PBXBuildFile; fileRef = AA0709E019E0BF62005760BB /* AvenirNextLTPro-Medium.otf */; };
		AA0709E419E0BF62005760BB /* AvenirNextLTPro-Regular.otf in Resources */ = {isa = PBXBuildFile; fileRef = AA0709E119E0BF62005760BB /* AvenirNextLTPro-Regular.otf */; };
		AA0709E519E0BF62005760BB /* AvenirNextLTPro-UltLt.otf in Resources */ = {isa = PBXBuildFile; fileRef = AA0709E219E0BF62005760BB /* AvenirNextLTPro-UltLt.otf */; };
		AA0709E619E0DB52005760BB /* OpenSans-Light.ttf in Resources */ = {isa = PBXBuildFile; fileRef = AA2DD64F195633EB00538F2C /* OpenSans-Light.ttf */; };
		AA0709E719E0DB52005760BB /* OpenSans-Regular.ttf in Resources */ = {isa = PBXBuildFile; fileRef = AA2DD650195633EB00538F2C /* OpenSans-Regular.ttf */; };
		AA07A95A1947867F00427D7E /* DetailJobForConversationViewController.m in Sources */ = {isa = PBXBuildFile; fileRef = AA07A9591947867F00427D7E /* DetailJobForConversationViewController.m */; };
		AA0972D21A9E14D800BD394A /* ProfileMVPViewController.m in Sources */ = {isa = PBXBuildFile; fileRef = AA0972D11A9E14D800BD394A /* ProfileMVPViewController.m */; };
		AA0972D51A9E1E7C00BD394A /* ImageManagement.m in Sources */ = {isa = PBXBuildFile; fileRef = AA0972D41A9E1E7C00BD394A /* ImageManagement.m */; };
		AA0972D91A9E247600BD394A /* AddDescriptionView.m in Sources */ = {isa = PBXBuildFile; fileRef = AA0972D81A9E247600BD394A /* AddDescriptionView.m */; };
		AA0972DC1A9E24A500BD394A /* AddDescriptionView.xib in Resources */ = {isa = PBXBuildFile; fileRef = AA0972DB1A9E24A500BD394A /* AddDescriptionView.xib */; };
		AA0972DE1A9E2EEE00BD394A /* AddPhoneNumber.xib in Resources */ = {isa = PBXBuildFile; fileRef = AA0972DD1A9E2EEE00BD394A /* AddPhoneNumber.xib */; };
		AA0972E11A9E2F0500BD394A /* AddPhoneNumber.m in Sources */ = {isa = PBXBuildFile; fileRef = AA0972E01A9E2F0500BD394A /* AddPhoneNumber.m */; };
		AA0972E41A9E446C00BD394A /* FirstTimePhoneNumberView.m in Sources */ = {isa = PBXBuildFile; fileRef = AA0972E31A9E446C00BD394A /* FirstTimePhoneNumberView.m */; };
		AA0972E61A9E447900BD394A /* FirstTimePhoneNumberView.xib in Resources */ = {isa = PBXBuildFile; fileRef = AA0972E51A9E447900BD394A /* FirstTimePhoneNumberView.xib */; };
		AA0972E91A9F2F6300BD394A /* JobsParseManagement.m in Sources */ = {isa = PBXBuildFile; fileRef = AA0972E81A9F2F6300BD394A /* JobsParseManagement.m */; };
		AA0972F91A9F76E100BD394A /* .gitignore in Resources */ = {isa = PBXBuildFile; fileRef = AA0972EB1A9F76E100BD394A /* .gitignore */; };
		AA0972FA1A9F76E100BD394A /* LICENSE in Resources */ = {isa = PBXBuildFile; fileRef = AA0972EC1A9F76E100BD394A /* LICENSE */; };
		AA0972FB1A9F76E100BD394A /* NSObject+Properties.m in Sources */ = {isa = PBXBuildFile; fileRef = AA0972EE1A9F76E100BD394A /* NSObject+Properties.m */; };
		AA0972FC1A9F76E100BD394A /* Parse+NSCoding.podspec in Resources */ = {isa = PBXBuildFile; fileRef = AA0972EF1A9F76E100BD394A /* Parse+NSCoding.podspec */; };
		AA0972FD1A9F76E100BD394A /* PFACL+NSCoding.m in Sources */ = {isa = PBXBuildFile; fileRef = AA0972F11A9F76E100BD394A /* PFACL+NSCoding.m */; };
		AA0972FE1A9F76E100BD394A /* PFFile+NSCoding.m in Sources */ = {isa = PBXBuildFile; fileRef = AA0972F31A9F76E100BD394A /* PFFile+NSCoding.m */; };
		AA0972FF1A9F76E100BD394A /* PFGeoPoint+NSCoding.m in Sources */ = {isa = PBXBuildFile; fileRef = AA0972F51A9F76E100BD394A /* PFGeoPoint+NSCoding.m */; };
		AA0973001A9F76E100BD394A /* PFObject+NSCoding.m in Sources */ = {isa = PBXBuildFile; fileRef = AA0972F71A9F76E100BD394A /* PFObject+NSCoding.m */; };
		AA0973011A9F76E100BD394A /* README.md in Sources */ = {isa = PBXBuildFile; fileRef = AA0972F81A9F76E100BD394A /* README.md */; };
		AA0973041A9F794F00BD394A /* JobMemoryManagement.m in Sources */ = {isa = PBXBuildFile; fileRef = AA0973031A9F794F00BD394A /* JobMemoryManagement.m */; };
		AA0973071A9F796700BD394A /* ApplicantsMemoryManagement.m in Sources */ = {isa = PBXBuildFile; fileRef = AA0973061A9F796700BD394A /* ApplicantsMemoryManagement.m */; };
		AA09730A1A9F7A0900BD394A /* MemoryManagement.m in Sources */ = {isa = PBXBuildFile; fileRef = AA0973091A9F7A0900BD394A /* MemoryManagement.m */; };
		AA09730D1AA0622D00BD394A /* MyPostedJobsViewController.m in Sources */ = {isa = PBXBuildFile; fileRef = AA09730C1AA0622D00BD394A /* MyPostedJobsViewController.m */; };
		AA0973101AA06ADD00BD394A /* ApplicantsForJobViewController.m in Sources */ = {isa = PBXBuildFile; fileRef = AA09730F1AA06ADD00BD394A /* ApplicantsForJobViewController.m */; };
		AA0973121AA0884900BD394A /* ViewApplicant.xib in Resources */ = {isa = PBXBuildFile; fileRef = AA0973111AA0884900BD394A /* ViewApplicant.xib */; };
		AA0973141AA09E8100BD394A /* ViewJob.xib in Resources */ = {isa = PBXBuildFile; fileRef = AA0973131AA09E8100BD394A /* ViewJob.xib */; };
		AA0973171AA22BAA00BD394A /* LaunchImageViewController.m in Sources */ = {isa = PBXBuildFile; fileRef = AA0973161AA22BAA00BD394A /* LaunchImageViewController.m */; };
		AA2AF710193BAD36004661ED /* NSDate+Calculations.m in Sources */ = {isa = PBXBuildFile; fileRef = AA2AF70F193BAD36004661ED /* NSDate+Calculations.m */; };
		AA2E3EE919240F54000C4692 /* FriendsViewController.m in Sources */ = {isa = PBXBuildFile; fileRef = AA2E3EE819240F54000C4692 /* FriendsViewController.m */; };
		AA310B92191CD17E00C9F92B /* GGDraggableView.m in Sources */ = {isa = PBXBuildFile; fileRef = AA310B91191CD17E00C9F92B /* GGDraggableView.m */; };
		AA310B95191CD59900C9F92B /* GGOverlayView.m in Sources */ = {isa = PBXBuildFile; fileRef = AA310B94191CD59900C9F92B /* GGOverlayView.m */; };
		AA34A7CF1929E12D006F5F4E /* TestMessagesViewController.m in Sources */ = {isa = PBXBuildFile; fileRef = AA34A7CE1929E12D006F5F4E /* TestMessagesViewController.m */; };
		AA4D493C1944D51D00C4BAF1 /* JobsList.plist in Resources */ = {isa = PBXBuildFile; fileRef = AA4D493B1944D51D00C4BAF1 /* JobsList.plist */; };
		AA56234E19269FB100DF0625 /* ProfileJobsProviderViewController.m in Sources */ = {isa = PBXBuildFile; fileRef = AA56234D19269FB100DF0625 /* ProfileJobsProviderViewController.m */; };
		AA5623561926AE8400DF0625 /* ProfileJobApplicantViewController.m in Sources */ = {isa = PBXBuildFile; fileRef = AA5623551926AE8400DF0625 /* ProfileJobApplicantViewController.m */; };
		AA5BD41F1922C4B20032C21C /* UserDetailsViewController.m in Sources */ = {isa = PBXBuildFile; fileRef = AA5BD41E1922C4B20032C21C /* UserDetailsViewController.m */; };
		AA5BD4221922C54F0032C21C /* LogInViewControllerCustom.m in Sources */ = {isa = PBXBuildFile; fileRef = AA5BD4211922C54F0032C21C /* LogInViewControllerCustom.m */; };
		AA9213861AA37C31009D0D25 /* MapView.m in Sources */ = {isa = PBXBuildFile; fileRef = AA9213851AA37C31009D0D25 /* MapView.m */; };
		AA9213881AA37C3A009D0D25 /* MapView.xib in Resources */ = {isa = PBXBuildFile; fileRef = AA9213871AA37C3A009D0D25 /* MapView.xib */; };
		AA9A8B7F191EAA8800644E86 /* MyJobsViewController.m in Sources */ = {isa = PBXBuildFile; fileRef = AA9A8B7E191EAA8800644E86 /* MyJobsViewController.m */; };
		AA9A8B82191ECB4200644E86 /* GGDraggableViewApplicants.m in Sources */ = {isa = PBXBuildFile; fileRef = AA9A8B81191ECB4200644E86 /* GGDraggableViewApplicants.m */; };
		AA9A8B85191EF04400644E86 /* SWRevealViewController.m in Sources */ = {isa = PBXBuildFile; fileRef = AA9A8B84191EF04400644E86 /* SWRevealViewController.m */; };
		AA9A8B88191EF0DA00644E86 /* SidebarViewController.m in Sources */ = {isa = PBXBuildFile; fileRef = AA9A8B87191EF0DA00644E86 /* SidebarViewController.m */; };
		AA9A8BAF191F3E2300644E86 /* SettingsViewController.m in Sources */ = {isa = PBXBuildFile; fileRef = AA9A8BAE191F3E2300644E86 /* SettingsViewController.m */; };
		AA9A8BB3191F8F6500644E86 /* Media2.xcassets in Resources */ = {isa = PBXBuildFile; fileRef = AA9A8BB2191F8F6500644E86 /* Media2.xcassets */; };
		AA9EC14A1AA476C6000515FE /* Launch Screen.xib in Resources */ = {isa = PBXBuildFile; fileRef = AA9EC1491AA476C6000515FE /* Launch Screen.xib */; };
		AAB20A9A193676C7006C5455 /* MapKit.framework in Frameworks */ = {isa = PBXBuildFile; fileRef = AAB20A99193676C7006C5455 /* MapKit.framework */; };
		AAB20AA619369A25006C5455 /* MyAnnotation.m in Sources */ = {isa = PBXBuildFile; fileRef = AAB20AA519369A25006C5455 /* MyAnnotation.m */; };
		AAB9652C19226B5C003E65CF /* MediaPlayer.framework in Frameworks */ = {isa = PBXBuildFile; fileRef = AAB9652B19226B5C003E65CF /* MediaPlayer.framework */; };
		AAB965FB19228794003E65CF /* ASPopUpView.m in Sources */ = {isa = PBXBuildFile; fileRef = AAB965F819228794003E65CF /* ASPopUpView.m */; };
		AAB965FC19228794003E65CF /* ASProgressPopUpView.m in Sources */ = {isa = PBXBuildFile; fileRef = AAB965FA19228794003E65CF /* ASProgressPopUpView.m */; };
		AAB9662519229535003E65CF /* CoreMedia.framework in Frameworks */ = {isa = PBXBuildFile; fileRef = AAB9662419229535003E65CF /* CoreMedia.framework */; };
		AAB966271922953D003E65CF /* CoreVideo.framework in Frameworks */ = {isa = PBXBuildFile; fileRef = AAB966261922953D003E65CF /* CoreVideo.framework */; };
		AAB9662919229543003E65CF /* OpenGLES.framework in Frameworks */ = {isa = PBXBuildFile; fileRef = AAB9662819229543003E65CF /* OpenGLES.framework */; };
		AAB9662B19229554003E65CF /* AVFoundation.framework in Frameworks */ = {isa = PBXBuildFile; fileRef = AAB9662A19229554003E65CF /* AVFoundation.framework */; };
		AAB966441922C2B4003E65CF /* login-button-small@2x.png in Resources */ = {isa = PBXBuildFile; fileRef = AAB966431922C2B4003E65CF /* login-button-small@2x.png */; };
		AACA39A01928280600B16BA5 /* Conversations.plist in Resources */ = {isa = PBXBuildFile; fileRef = AACA399F1928280600B16BA5 /* Conversations.plist */; };
		AAD23B9619197A4700297539 /* ProfileViewController.m in Sources */ = {isa = PBXBuildFile; fileRef = AAD23B9519197A4700297539 /* ProfileViewController.m */; };
		AAD3026D191924BB000E4A47 /* Foundation.framework in Frameworks */ = {isa = PBXBuildFile; fileRef = AAD3026C191924BB000E4A47 /* Foundation.framework */; };
		AAD3026F191924BB000E4A47 /* CoreGraphics.framework in Frameworks */ = {isa = PBXBuildFile; fileRef = AAD3026E191924BB000E4A47 /* CoreGraphics.framework */; };
		AAD30271191924BB000E4A47 /* UIKit.framework in Frameworks */ = {isa = PBXBuildFile; fileRef = AAD30270191924BB000E4A47 /* UIKit.framework */; };
		AAD30277191924BB000E4A47 /* InfoPlist.strings in Resources */ = {isa = PBXBuildFile; fileRef = AAD30275191924BB000E4A47 /* InfoPlist.strings */; };
		AAD30279191924BB000E4A47 /* main.m in Sources */ = {isa = PBXBuildFile; fileRef = AAD30278191924BB000E4A47 /* main.m */; };
		AAD3027D191924BB000E4A47 /* AppDelegate.m in Sources */ = {isa = PBXBuildFile; fileRef = AAD3027C191924BB000E4A47 /* AppDelegate.m */; };
		AAD30283191924BB000E4A47 /* ViewController.m in Sources */ = {isa = PBXBuildFile; fileRef = AAD30282191924BB000E4A47 /* ViewController.m */; };
		AAD3028C191924BB000E4A47 /* XCTest.framework in Frameworks */ = {isa = PBXBuildFile; fileRef = AAD3028B191924BB000E4A47 /* XCTest.framework */; };
		AAD3028D191924BB000E4A47 /* Foundation.framework in Frameworks */ = {isa = PBXBuildFile; fileRef = AAD3026C191924BB000E4A47 /* Foundation.framework */; };
		AAD3028E191924BB000E4A47 /* UIKit.framework in Frameworks */ = {isa = PBXBuildFile; fileRef = AAD30270191924BB000E4A47 /* UIKit.framework */; };
		AAD30296191924BB000E4A47 /* InfoPlist.strings in Resources */ = {isa = PBXBuildFile; fileRef = AAD30294191924BB000E4A47 /* InfoPlist.strings */; };
		AAD30298191924BB000E4A47 /* Cash_NowTests.m in Sources */ = {isa = PBXBuildFile; fileRef = AAD30297191924BB000E4A47 /* Cash_NowTests.m */; };
		AAD302A419192561000E4A47 /* AudioToolbox.framework in Frameworks */ = {isa = PBXBuildFile; fileRef = AAD302A319192561000E4A47 /* AudioToolbox.framework */; };
		AAD302A619192566000E4A47 /* CFNetwork.framework in Frameworks */ = {isa = PBXBuildFile; fileRef = AAD302A519192566000E4A47 /* CFNetwork.framework */; };
		AAD302A819192574000E4A47 /* CoreLocation.framework in Frameworks */ = {isa = PBXBuildFile; fileRef = AAD302A719192574000E4A47 /* CoreLocation.framework */; };
		AAD302AA1919257A000E4A47 /* libz.dylib in Frameworks */ = {isa = PBXBuildFile; fileRef = AAD302A91919257A000E4A47 /* libz.dylib */; };
		AAD302AC1919257F000E4A47 /* MobileCoreServices.framework in Frameworks */ = {isa = PBXBuildFile; fileRef = AAD302AB1919257F000E4A47 /* MobileCoreServices.framework */; };
		AAD302AE19192584000E4A47 /* QuartzCore.framework in Frameworks */ = {isa = PBXBuildFile; fileRef = AAD302AD19192584000E4A47 /* QuartzCore.framework */; };
		AAD302B019192589000E4A47 /* Security.framework in Frameworks */ = {isa = PBXBuildFile; fileRef = AAD302AF19192589000E4A47 /* Security.framework */; };
		AAD302B41919259A000E4A47 /* SystemConfiguration.framework in Frameworks */ = {isa = PBXBuildFile; fileRef = AAD302B31919259A000E4A47 /* SystemConfiguration.framework */; };
		AAD302B6191925EA000E4A47 /* Social.framework in Frameworks */ = {isa = PBXBuildFile; fileRef = AAD302B5191925E9000E4A47 /* Social.framework */; };
		AAD302B8191925F1000E4A47 /* AdSupport.framework in Frameworks */ = {isa = PBXBuildFile; fileRef = AAD302B7191925F1000E4A47 /* AdSupport.framework */; };
		AAD302BA191925F6000E4A47 /* Accounts.framework in Frameworks */ = {isa = PBXBuildFile; fileRef = AAD302B9191925F6000E4A47 /* Accounts.framework */; };
		AAD302BD19192656000E4A47 /* Storyboard.storyboard in Resources */ = {isa = PBXBuildFile; fileRef = AAD302BC19192656000E4A47 /* Storyboard.storyboard */; };
		AAD302C119193E97000E4A47 /* Twitter.framework in Frameworks */ = {isa = PBXBuildFile; fileRef = AAD302C019193E97000E4A47 /* Twitter.framework */; };
		AAD302C5191947DD000E4A47 /* addJobViewController.m in Sources */ = {isa = PBXBuildFile; fileRef = AAD302C4191947DD000E4A47 /* addJobViewController.m */; };
		AAFD37CE191C34AF00DF0376 /* JobsViewController.m in Sources */ = {isa = PBXBuildFile; fileRef = AAFD37CD191C34AF00DF0376 /* JobsViewController.m */; };
/* End PBXBuildFile section */

/* Begin PBXContainerItemProxy section */
		AAD3028F191924BB000E4A47 /* PBXContainerItemProxy */ = {
			isa = PBXContainerItemProxy;
			containerPortal = AAD30261191924BB000E4A47 /* Project object */;
			proxyType = 1;
			remoteGlobalIDString = AAD30268191924BB000E4A47;
			remoteInfo = "Cash Now";
		};
/* End PBXContainerItemProxy section */

/* Begin PBXFileReference section */
		AA0709CD19DE76CD005760BB /* MyProfileViewController.h */ = {isa = PBXFileReference; fileEncoding = 4; lastKnownFileType = sourcecode.c.h; path = MyProfileViewController.h; sourceTree = "<group>"; };
		AA0709CE19DE76CD005760BB /* MyProfileViewController.m */ = {isa = PBXFileReference; fileEncoding = 4; lastKnownFileType = sourcecode.c.objc; path = MyProfileViewController.m; sourceTree = "<group>"; };
		AA0709D019DE84BC005760BB /* Bolts.framework */ = {isa = PBXFileReference; lastKnownFileType = wrapper.framework; path = Bolts.framework; sourceTree = "<group>"; };
		AA0709D119DE84BC005760BB /* Parse.framework */ = {isa = PBXFileReference; lastKnownFileType = wrapper.framework; path = Parse.framework; sourceTree = "<group>"; };
		AA0709D619DE861C005760BB /* ParseFacebookUtils.framework */ = {isa = PBXFileReference; lastKnownFileType = wrapper.framework; path = ParseFacebookUtils.framework; sourceTree = "<group>"; };
		AA0709D919DE885F005760BB /* FacebookSDK.framework */ = {isa = PBXFileReference; lastKnownFileType = wrapper.framework; path = FacebookSDK.framework; sourceTree = "<group>"; };
		AA0709DB19E0A592005760BB /* THChatInput.h */ = {isa = PBXFileReference; fileEncoding = 4; lastKnownFileType = sourcecode.c.h; path = THChatInput.h; sourceTree = "<group>"; };
		AA0709DC19E0A592005760BB /* THChatInput.m */ = {isa = PBXFileReference; fileEncoding = 4; lastKnownFileType = sourcecode.c.objc; path = THChatInput.m; sourceTree = "<group>"; };
		AA0709E019E0BF62005760BB /* AvenirNextLTPro-Medium.otf */ = {isa = PBXFileReference; lastKnownFileType = file; path = "AvenirNextLTPro-Medium.otf"; sourceTree = "<group>"; };
		AA0709E119E0BF62005760BB /* AvenirNextLTPro-Regular.otf */ = {isa = PBXFileReference; lastKnownFileType = file; path = "AvenirNextLTPro-Regular.otf"; sourceTree = "<group>"; };
		AA0709E219E0BF62005760BB /* AvenirNextLTPro-UltLt.otf */ = {isa = PBXFileReference; lastKnownFileType = file; path = "AvenirNextLTPro-UltLt.otf"; sourceTree = "<group>"; };
		AA07A9581947867F00427D7E /* DetailJobForConversationViewController.h */ = {isa = PBXFileReference; fileEncoding = 4; lastKnownFileType = sourcecode.c.h; path = DetailJobForConversationViewController.h; sourceTree = "<group>"; };
		AA07A9591947867F00427D7E /* DetailJobForConversationViewController.m */ = {isa = PBXFileReference; fileEncoding = 4; lastKnownFileType = sourcecode.c.objc; path = DetailJobForConversationViewController.m; sourceTree = "<group>"; };
		AA0972D01A9E14D800BD394A /* ProfileMVPViewController.h */ = {isa = PBXFileReference; fileEncoding = 4; lastKnownFileType = sourcecode.c.h; name = ProfileMVPViewController.h; path = ../ProfileMVPViewController.h; sourceTree = "<group>"; };
		AA0972D11A9E14D800BD394A /* ProfileMVPViewController.m */ = {isa = PBXFileReference; fileEncoding = 4; lastKnownFileType = sourcecode.c.objc; name = ProfileMVPViewController.m; path = ../ProfileMVPViewController.m; sourceTree = "<group>"; };
		AA0972D31A9E1E7C00BD394A /* ImageManagement.h */ = {isa = PBXFileReference; fileEncoding = 4; lastKnownFileType = sourcecode.c.h; path = ImageManagement.h; sourceTree = "<group>"; };
		AA0972D41A9E1E7C00BD394A /* ImageManagement.m */ = {isa = PBXFileReference; fileEncoding = 4; lastKnownFileType = sourcecode.c.objc; path = ImageManagement.m; sourceTree = "<group>"; };
		AA0972D71A9E247600BD394A /* AddDescriptionView.h */ = {isa = PBXFileReference; fileEncoding = 4; lastKnownFileType = sourcecode.c.h; path = AddDescriptionView.h; sourceTree = "<group>"; };
		AA0972D81A9E247600BD394A /* AddDescriptionView.m */ = {isa = PBXFileReference; fileEncoding = 4; lastKnownFileType = sourcecode.c.objc; path = AddDescriptionView.m; sourceTree = "<group>"; };
		AA0972DB1A9E24A500BD394A /* AddDescriptionView.xib */ = {isa = PBXFileReference; fileEncoding = 4; lastKnownFileType = file.xib; path = AddDescriptionView.xib; sourceTree = "<group>"; };
		AA0972DD1A9E2EEE00BD394A /* AddPhoneNumber.xib */ = {isa = PBXFileReference; fileEncoding = 4; lastKnownFileType = file.xib; path = AddPhoneNumber.xib; sourceTree = "<group>"; };
		AA0972DF1A9E2F0500BD394A /* AddPhoneNumber.h */ = {isa = PBXFileReference; fileEncoding = 4; lastKnownFileType = sourcecode.c.h; path = AddPhoneNumber.h; sourceTree = "<group>"; };
		AA0972E01A9E2F0500BD394A /* AddPhoneNumber.m */ = {isa = PBXFileReference; fileEncoding = 4; lastKnownFileType = sourcecode.c.objc; path = AddPhoneNumber.m; sourceTree = "<group>"; };
		AA0972E21A9E446C00BD394A /* FirstTimePhoneNumberView.h */ = {isa = PBXFileReference; fileEncoding = 4; lastKnownFileType = sourcecode.c.h; path = FirstTimePhoneNumberView.h; sourceTree = "<group>"; };
		AA0972E31A9E446C00BD394A /* FirstTimePhoneNumberView.m */ = {isa = PBXFileReference; fileEncoding = 4; lastKnownFileType = sourcecode.c.objc; path = FirstTimePhoneNumberView.m; sourceTree = "<group>"; };
		AA0972E51A9E447900BD394A /* FirstTimePhoneNumberView.xib */ = {isa = PBXFileReference; fileEncoding = 4; lastKnownFileType = file.xib; path = FirstTimePhoneNumberView.xib; sourceTree = "<group>"; };
		AA0972E71A9F2F6300BD394A /* JobsParseManagement.h */ = {isa = PBXFileReference; fileEncoding = 4; lastKnownFileType = sourcecode.c.h; name = JobsParseManagement.h; path = "Cash Now/JobsParseManagement.h"; sourceTree = "<group>"; };
		AA0972E81A9F2F6300BD394A /* JobsParseManagement.m */ = {isa = PBXFileReference; fileEncoding = 4; lastKnownFileType = sourcecode.c.objc; name = JobsParseManagement.m; path = "Cash Now/JobsParseManagement.m"; sourceTree = "<group>"; };
		AA0972EB1A9F76E100BD394A /* .gitignore */ = {isa = PBXFileReference; fileEncoding = 4; lastKnownFileType = text; path = .gitignore; sourceTree = "<group>"; };
		AA0972EC1A9F76E100BD394A /* LICENSE */ = {isa = PBXFileReference; fileEncoding = 4; lastKnownFileType = text; path = LICENSE; sourceTree = "<group>"; };
		AA0972ED1A9F76E100BD394A /* NSObject+Properties.h */ = {isa = PBXFileReference; fileEncoding = 4; lastKnownFileType = sourcecode.c.h; path = "NSObject+Properties.h"; sourceTree = "<group>"; };
		AA0972EE1A9F76E100BD394A /* NSObject+Properties.m */ = {isa = PBXFileReference; fileEncoding = 4; lastKnownFileType = sourcecode.c.objc; path = "NSObject+Properties.m"; sourceTree = "<group>"; };
		AA0972EF1A9F76E100BD394A /* Parse+NSCoding.podspec */ = {isa = PBXFileReference; fileEncoding = 4; lastKnownFileType = text; path = "Parse+NSCoding.podspec"; sourceTree = "<group>"; };
		AA0972F01A9F76E100BD394A /* PFACL+NSCoding.h */ = {isa = PBXFileReference; fileEncoding = 4; lastKnownFileType = sourcecode.c.h; path = "PFACL+NSCoding.h"; sourceTree = "<group>"; };
		AA0972F11A9F76E100BD394A /* PFACL+NSCoding.m */ = {isa = PBXFileReference; fileEncoding = 4; lastKnownFileType = sourcecode.c.objc; path = "PFACL+NSCoding.m"; sourceTree = "<group>"; };
		AA0972F21A9F76E100BD394A /* PFFile+NSCoding.h */ = {isa = PBXFileReference; fileEncoding = 4; lastKnownFileType = sourcecode.c.h; path = "PFFile+NSCoding.h"; sourceTree = "<group>"; };
		AA0972F31A9F76E100BD394A /* PFFile+NSCoding.m */ = {isa = PBXFileReference; fileEncoding = 4; lastKnownFileType = sourcecode.c.objc; path = "PFFile+NSCoding.m"; sourceTree = "<group>"; };
		AA0972F41A9F76E100BD394A /* PFGeoPoint+NSCoding.h */ = {isa = PBXFileReference; fileEncoding = 4; lastKnownFileType = sourcecode.c.h; path = "PFGeoPoint+NSCoding.h"; sourceTree = "<group>"; };
		AA0972F51A9F76E100BD394A /* PFGeoPoint+NSCoding.m */ = {isa = PBXFileReference; fileEncoding = 4; lastKnownFileType = sourcecode.c.objc; path = "PFGeoPoint+NSCoding.m"; sourceTree = "<group>"; };
		AA0972F61A9F76E100BD394A /* PFObject+NSCoding.h */ = {isa = PBXFileReference; fileEncoding = 4; lastKnownFileType = sourcecode.c.h; path = "PFObject+NSCoding.h"; sourceTree = "<group>"; };
		AA0972F71A9F76E100BD394A /* PFObject+NSCoding.m */ = {isa = PBXFileReference; fileEncoding = 4; lastKnownFileType = sourcecode.c.objc; path = "PFObject+NSCoding.m"; sourceTree = "<group>"; };
		AA0972F81A9F76E100BD394A /* README.md */ = {isa = PBXFileReference; fileEncoding = 4; lastKnownFileType = net.daringfireball.markdown; path = README.md; sourceTree = "<group>"; };
		AA0973021A9F794F00BD394A /* JobMemoryManagement.h */ = {isa = PBXFileReference; fileEncoding = 4; lastKnownFileType = sourcecode.c.h; name = JobMemoryManagement.h; path = "Parse-NSCoding-master/JobMemoryManagement.h"; sourceTree = "<group>"; };
		AA0973031A9F794F00BD394A /* JobMemoryManagement.m */ = {isa = PBXFileReference; fileEncoding = 4; lastKnownFileType = sourcecode.c.objc; name = JobMemoryManagement.m; path = "Parse-NSCoding-master/JobMemoryManagement.m"; sourceTree = "<group>"; };
		AA0973051A9F796700BD394A /* ApplicantsMemoryManagement.h */ = {isa = PBXFileReference; fileEncoding = 4; lastKnownFileType = sourcecode.c.h; path = ApplicantsMemoryManagement.h; sourceTree = "<group>"; };
		AA0973061A9F796700BD394A /* ApplicantsMemoryManagement.m */ = {isa = PBXFileReference; fileEncoding = 4; lastKnownFileType = sourcecode.c.objc; path = ApplicantsMemoryManagement.m; sourceTree = "<group>"; };
		AA0973081A9F7A0900BD394A /* MemoryManagement.h */ = {isa = PBXFileReference; fileEncoding = 4; lastKnownFileType = sourcecode.c.h; path = MemoryManagement.h; sourceTree = "<group>"; };
		AA0973091A9F7A0900BD394A /* MemoryManagement.m */ = {isa = PBXFileReference; fileEncoding = 4; lastKnownFileType = sourcecode.c.objc; path = MemoryManagement.m; sourceTree = "<group>"; };
		AA09730B1AA0622D00BD394A /* MyPostedJobsViewController.h */ = {isa = PBXFileReference; fileEncoding = 4; lastKnownFileType = sourcecode.c.h; path = MyPostedJobsViewController.h; sourceTree = "<group>"; };
		AA09730C1AA0622D00BD394A /* MyPostedJobsViewController.m */ = {isa = PBXFileReference; fileEncoding = 4; lastKnownFileType = sourcecode.c.objc; path = MyPostedJobsViewController.m; sourceTree = "<group>"; };
		AA09730E1AA06ADD00BD394A /* ApplicantsForJobViewController.h */ = {isa = PBXFileReference; fileEncoding = 4; lastKnownFileType = sourcecode.c.h; name = ApplicantsForJobViewController.h; path = ../ApplicantsForJobViewController.h; sourceTree = "<group>"; };
		AA09730F1AA06ADD00BD394A /* ApplicantsForJobViewController.m */ = {isa = PBXFileReference; fileEncoding = 4; lastKnownFileType = sourcecode.c.objc; name = ApplicantsForJobViewController.m; path = ../ApplicantsForJobViewController.m; sourceTree = "<group>"; };
		AA0973111AA0884900BD394A /* ViewApplicant.xib */ = {isa = PBXFileReference; fileEncoding = 4; lastKnownFileType = file.xib; path = ViewApplicant.xib; sourceTree = "<group>"; };
		AA0973131AA09E8100BD394A /* ViewJob.xib */ = {isa = PBXFileReference; fileEncoding = 4; lastKnownFileType = file.xib; path = ViewJob.xib; sourceTree = "<group>"; };
		AA0973151AA22BAA00BD394A /* LaunchImageViewController.h */ = {isa = PBXFileReference; fileEncoding = 4; lastKnownFileType = sourcecode.c.h; name = LaunchImageViewController.h; path = ../LaunchImageViewController.h; sourceTree = "<group>"; };
		AA0973161AA22BAA00BD394A /* LaunchImageViewController.m */ = {isa = PBXFileReference; fileEncoding = 4; lastKnownFileType = sourcecode.c.objc; name = LaunchImageViewController.m; path = ../LaunchImageViewController.m; sourceTree = "<group>"; };
		AA2AF70E193BAD36004661ED /* NSDate+Calculations.h */ = {isa = PBXFileReference; fileEncoding = 4; lastKnownFileType = sourcecode.c.h; path = "NSDate+Calculations.h"; sourceTree = "<group>"; };
		AA2AF70F193BAD36004661ED /* NSDate+Calculations.m */ = {isa = PBXFileReference; fileEncoding = 4; lastKnownFileType = sourcecode.c.objc; path = "NSDate+Calculations.m"; sourceTree = "<group>"; };
		AA2DD64F195633EB00538F2C /* OpenSans-Light.ttf */ = {isa = PBXFileReference; lastKnownFileType = file; name = "OpenSans-Light.ttf"; path = "../OpenSans-Light.ttf"; sourceTree = "<group>"; };
		AA2DD650195633EB00538F2C /* OpenSans-Regular.ttf */ = {isa = PBXFileReference; lastKnownFileType = file; name = "OpenSans-Regular.ttf"; path = "../OpenSans-Regular.ttf"; sourceTree = "<group>"; };
		AA2E3EE719240F54000C4692 /* FriendsViewController.h */ = {isa = PBXFileReference; fileEncoding = 4; lastKnownFileType = sourcecode.c.h; path = FriendsViewController.h; sourceTree = "<group>"; };
		AA2E3EE819240F54000C4692 /* FriendsViewController.m */ = {isa = PBXFileReference; fileEncoding = 4; lastKnownFileType = sourcecode.c.objc; path = FriendsViewController.m; sourceTree = "<group>"; };
		AA310B90191CD17E00C9F92B /* GGDraggableView.h */ = {isa = PBXFileReference; fileEncoding = 4; lastKnownFileType = sourcecode.c.h; path = GGDraggableView.h; sourceTree = "<group>"; };
		AA310B91191CD17E00C9F92B /* GGDraggableView.m */ = {isa = PBXFileReference; fileEncoding = 4; lastKnownFileType = sourcecode.c.objc; path = GGDraggableView.m; sourceTree = "<group>"; };
		AA310B93191CD59900C9F92B /* GGOverlayView.h */ = {isa = PBXFileReference; fileEncoding = 4; lastKnownFileType = sourcecode.c.h; path = GGOverlayView.h; sourceTree = "<group>"; };
		AA310B94191CD59900C9F92B /* GGOverlayView.m */ = {isa = PBXFileReference; fileEncoding = 4; lastKnownFileType = sourcecode.c.objc; path = GGOverlayView.m; sourceTree = "<group>"; };
		AA34A7CD1929E12D006F5F4E /* TestMessagesViewController.h */ = {isa = PBXFileReference; fileEncoding = 4; lastKnownFileType = sourcecode.c.h; name = TestMessagesViewController.h; path = ../TestMessagesViewController.h; sourceTree = "<group>"; };
		AA34A7CE1929E12D006F5F4E /* TestMessagesViewController.m */ = {isa = PBXFileReference; fileEncoding = 4; lastKnownFileType = sourcecode.c.objc; name = TestMessagesViewController.m; path = ../TestMessagesViewController.m; sourceTree = "<group>"; };
		AA4D493B1944D51D00C4BAF1 /* JobsList.plist */ = {isa = PBXFileReference; fileEncoding = 4; lastKnownFileType = text.plist.xml; path = JobsList.plist; sourceTree = "<group>"; };
		AA56234C19269FB100DF0625 /* ProfileJobsProviderViewController.h */ = {isa = PBXFileReference; fileEncoding = 4; lastKnownFileType = sourcecode.c.h; path = ProfileJobsProviderViewController.h; sourceTree = "<group>"; };
		AA56234D19269FB100DF0625 /* ProfileJobsProviderViewController.m */ = {isa = PBXFileReference; fileEncoding = 4; lastKnownFileType = sourcecode.c.objc; path = ProfileJobsProviderViewController.m; sourceTree = "<group>"; };
		AA5623541926AE8400DF0625 /* ProfileJobApplicantViewController.h */ = {isa = PBXFileReference; fileEncoding = 4; lastKnownFileType = sourcecode.c.h; path = ProfileJobApplicantViewController.h; sourceTree = "<group>"; };
		AA5623551926AE8400DF0625 /* ProfileJobApplicantViewController.m */ = {isa = PBXFileReference; fileEncoding = 4; lastKnownFileType = sourcecode.c.objc; path = ProfileJobApplicantViewController.m; sourceTree = "<group>"; };
		AA5BD41D1922C4B20032C21C /* UserDetailsViewController.h */ = {isa = PBXFileReference; fileEncoding = 4; lastKnownFileType = sourcecode.c.h; path = UserDetailsViewController.h; sourceTree = SOURCE_ROOT; };
		AA5BD41E1922C4B20032C21C /* UserDetailsViewController.m */ = {isa = PBXFileReference; fileEncoding = 4; lastKnownFileType = sourcecode.c.objc; path = UserDetailsViewController.m; sourceTree = SOURCE_ROOT; };
		AA5BD4201922C54F0032C21C /* LogInViewControllerCustom.h */ = {isa = PBXFileReference; fileEncoding = 4; lastKnownFileType = sourcecode.c.h; path = LogInViewControllerCustom.h; sourceTree = "<group>"; };
		AA5BD4211922C54F0032C21C /* LogInViewControllerCustom.m */ = {isa = PBXFileReference; fileEncoding = 4; lastKnownFileType = sourcecode.c.objc; path = LogInViewControllerCustom.m; sourceTree = "<group>"; };
		AA9213841AA37C31009D0D25 /* MapView.h */ = {isa = PBXFileReference; fileEncoding = 4; lastKnownFileType = sourcecode.c.h; path = MapView.h; sourceTree = "<group>"; };
		AA9213851AA37C31009D0D25 /* MapView.m */ = {isa = PBXFileReference; fileEncoding = 4; lastKnownFileType = sourcecode.c.objc; path = MapView.m; sourceTree = "<group>"; };
		AA9213871AA37C3A009D0D25 /* MapView.xib */ = {isa = PBXFileReference; fileEncoding = 4; lastKnownFileType = file.xib; path = MapView.xib; sourceTree = "<group>"; };
		AA9A8B7D191EAA8800644E86 /* MyJobsViewController.h */ = {isa = PBXFileReference; fileEncoding = 4; lastKnownFileType = sourcecode.c.h; path = MyJobsViewController.h; sourceTree = "<group>"; };
		AA9A8B7E191EAA8800644E86 /* MyJobsViewController.m */ = {isa = PBXFileReference; fileEncoding = 4; lastKnownFileType = sourcecode.c.objc; path = MyJobsViewController.m; sourceTree = "<group>"; };
		AA9A8B80191ECB4200644E86 /* GGDraggableViewApplicants.h */ = {isa = PBXFileReference; fileEncoding = 4; lastKnownFileType = sourcecode.c.h; path = GGDraggableViewApplicants.h; sourceTree = "<group>"; };
		AA9A8B81191ECB4200644E86 /* GGDraggableViewApplicants.m */ = {isa = PBXFileReference; fileEncoding = 4; lastKnownFileType = sourcecode.c.objc; path = GGDraggableViewApplicants.m; sourceTree = "<group>"; };
		AA9A8B83191EF04400644E86 /* SWRevealViewController.h */ = {isa = PBXFileReference; fileEncoding = 4; lastKnownFileType = sourcecode.c.h; path = SWRevealViewController.h; sourceTree = "<group>"; };
		AA9A8B84191EF04400644E86 /* SWRevealViewController.m */ = {isa = PBXFileReference; fileEncoding = 4; lastKnownFileType = sourcecode.c.objc; path = SWRevealViewController.m; sourceTree = "<group>"; };
		AA9A8B86191EF0DA00644E86 /* SidebarViewController.h */ = {isa = PBXFileReference; fileEncoding = 4; lastKnownFileType = sourcecode.c.h; path = SidebarViewController.h; sourceTree = "<group>"; };
		AA9A8B87191EF0DA00644E86 /* SidebarViewController.m */ = {isa = PBXFileReference; fileEncoding = 4; lastKnownFileType = sourcecode.c.objc; path = SidebarViewController.m; sourceTree = "<group>"; };
		AA9A8BAD191F3E2300644E86 /* SettingsViewController.h */ = {isa = PBXFileReference; fileEncoding = 4; lastKnownFileType = sourcecode.c.h; path = SettingsViewController.h; sourceTree = "<group>"; };
		AA9A8BAE191F3E2300644E86 /* SettingsViewController.m */ = {isa = PBXFileReference; fileEncoding = 4; lastKnownFileType = sourcecode.c.objc; path = SettingsViewController.m; sourceTree = "<group>"; };
		AA9A8BB2191F8F6500644E86 /* Media2.xcassets */ = {isa = PBXFileReference; lastKnownFileType = folder.assetcatalog; path = Media2.xcassets; sourceTree = "<group>"; };
		AA9EC1491AA476C6000515FE /* Launch Screen.xib */ = {isa = PBXFileReference; fileEncoding = 4; lastKnownFileType = file.xib; path = "Launch Screen.xib"; sourceTree = "<group>"; };
		AAB20A99193676C7006C5455 /* MapKit.framework */ = {isa = PBXFileReference; lastKnownFileType = wrapper.framework; name = MapKit.framework; path = System/Library/Frameworks/MapKit.framework; sourceTree = SDKROOT; };
		AAB20AA419369A25006C5455 /* MyAnnotation.h */ = {isa = PBXFileReference; fileEncoding = 4; lastKnownFileType = sourcecode.c.h; path = MyAnnotation.h; sourceTree = "<group>"; };
		AAB20AA519369A25006C5455 /* MyAnnotation.m */ = {isa = PBXFileReference; fileEncoding = 4; lastKnownFileType = sourcecode.c.objc; path = MyAnnotation.m; sourceTree = "<group>"; };
		AAB9652B19226B5C003E65CF /* MediaPlayer.framework */ = {isa = PBXFileReference; lastKnownFileType = wrapper.framework; name = MediaPlayer.framework; path = System/Library/Frameworks/MediaPlayer.framework; sourceTree = SDKROOT; };
		AAB965F719228794003E65CF /* ASPopUpView.h */ = {isa = PBXFileReference; fileEncoding = 4; lastKnownFileType = sourcecode.c.h; path = ASPopUpView.h; sourceTree = "<group>"; };
		AAB965F819228794003E65CF /* ASPopUpView.m */ = {isa = PBXFileReference; fileEncoding = 4; lastKnownFileType = sourcecode.c.objc; path = ASPopUpView.m; sourceTree = "<group>"; };
		AAB965F919228794003E65CF /* ASProgressPopUpView.h */ = {isa = PBXFileReference; fileEncoding = 4; lastKnownFileType = sourcecode.c.h; path = ASProgressPopUpView.h; sourceTree = "<group>"; };
		AAB965FA19228794003E65CF /* ASProgressPopUpView.m */ = {isa = PBXFileReference; fileEncoding = 4; lastKnownFileType = sourcecode.c.objc; path = ASProgressPopUpView.m; sourceTree = "<group>"; };
		AAB9662419229535003E65CF /* CoreMedia.framework */ = {isa = PBXFileReference; lastKnownFileType = wrapper.framework; name = CoreMedia.framework; path = System/Library/Frameworks/CoreMedia.framework; sourceTree = SDKROOT; };
		AAB966261922953D003E65CF /* CoreVideo.framework */ = {isa = PBXFileReference; lastKnownFileType = wrapper.framework; name = CoreVideo.framework; path = System/Library/Frameworks/CoreVideo.framework; sourceTree = SDKROOT; };
		AAB9662819229543003E65CF /* OpenGLES.framework */ = {isa = PBXFileReference; lastKnownFileType = wrapper.framework; name = OpenGLES.framework; path = System/Library/Frameworks/OpenGLES.framework; sourceTree = SDKROOT; };
		AAB9662A19229554003E65CF /* AVFoundation.framework */ = {isa = PBXFileReference; lastKnownFileType = wrapper.framework; name = AVFoundation.framework; path = System/Library/Frameworks/AVFoundation.framework; sourceTree = SDKROOT; };
		AAB966431922C2B4003E65CF /* login-button-small@2x.png */ = {isa = PBXFileReference; lastKnownFileType = image.png; path = "login-button-small@2x.png"; sourceTree = "<group>"; };
		AACA399F1928280600B16BA5 /* Conversations.plist */ = {isa = PBXFileReference; fileEncoding = 4; lastKnownFileType = text.plist.xml; path = Conversations.plist; sourceTree = "<group>"; };
		AAD23B9419197A4700297539 /* ProfileViewController.h */ = {isa = PBXFileReference; fileEncoding = 4; lastKnownFileType = sourcecode.c.h; path = ProfileViewController.h; sourceTree = "<group>"; };
		AAD23B9519197A4700297539 /* ProfileViewController.m */ = {isa = PBXFileReference; fileEncoding = 4; lastKnownFileType = sourcecode.c.objc; path = ProfileViewController.m; sourceTree = "<group>"; };
		AAD30269191924BB000E4A47 /* Cash Now.app */ = {isa = PBXFileReference; explicitFileType = wrapper.application; includeInIndex = 0; path = "Cash Now.app"; sourceTree = BUILT_PRODUCTS_DIR; };
		AAD3026C191924BB000E4A47 /* Foundation.framework */ = {isa = PBXFileReference; lastKnownFileType = wrapper.framework; name = Foundation.framework; path = System/Library/Frameworks/Foundation.framework; sourceTree = SDKROOT; };
		AAD3026E191924BB000E4A47 /* CoreGraphics.framework */ = {isa = PBXFileReference; lastKnownFileType = wrapper.framework; name = CoreGraphics.framework; path = System/Library/Frameworks/CoreGraphics.framework; sourceTree = SDKROOT; };
		AAD30270191924BB000E4A47 /* UIKit.framework */ = {isa = PBXFileReference; lastKnownFileType = wrapper.framework; name = UIKit.framework; path = System/Library/Frameworks/UIKit.framework; sourceTree = SDKROOT; };
		AAD30274191924BB000E4A47 /* Cash Now-Info.plist */ = {isa = PBXFileReference; lastKnownFileType = text.plist.xml; path = "Cash Now-Info.plist"; sourceTree = "<group>"; };
		AAD30276191924BB000E4A47 /* en */ = {isa = PBXFileReference; lastKnownFileType = text.plist.strings; name = en; path = en.lproj/InfoPlist.strings; sourceTree = "<group>"; };
		AAD30278191924BB000E4A47 /* main.m */ = {isa = PBXFileReference; lastKnownFileType = sourcecode.c.objc; path = main.m; sourceTree = "<group>"; };
		AAD3027A191924BB000E4A47 /* Cash Now-Prefix.pch */ = {isa = PBXFileReference; lastKnownFileType = sourcecode.c.h; path = "Cash Now-Prefix.pch"; sourceTree = "<group>"; };
		AAD3027B191924BB000E4A47 /* AppDelegate.h */ = {isa = PBXFileReference; lastKnownFileType = sourcecode.c.h; path = AppDelegate.h; sourceTree = "<group>"; };
		AAD3027C191924BB000E4A47 /* AppDelegate.m */ = {isa = PBXFileReference; lastKnownFileType = sourcecode.c.objc; path = AppDelegate.m; sourceTree = "<group>"; };
		AAD30281191924BB000E4A47 /* ViewController.h */ = {isa = PBXFileReference; lastKnownFileType = sourcecode.c.h; path = ViewController.h; sourceTree = "<group>"; };
		AAD30282191924BB000E4A47 /* ViewController.m */ = {isa = PBXFileReference; lastKnownFileType = sourcecode.c.objc; path = ViewController.m; sourceTree = "<group>"; };
		AAD3028A191924BB000E4A47 /* Cash NowTests.xctest */ = {isa = PBXFileReference; explicitFileType = wrapper.cfbundle; includeInIndex = 0; path = "Cash NowTests.xctest"; sourceTree = BUILT_PRODUCTS_DIR; };
		AAD3028B191924BB000E4A47 /* XCTest.framework */ = {isa = PBXFileReference; lastKnownFileType = wrapper.framework; name = XCTest.framework; path = Library/Frameworks/XCTest.framework; sourceTree = DEVELOPER_DIR; };
		AAD30293191924BB000E4A47 /* Cash NowTests-Info.plist */ = {isa = PBXFileReference; lastKnownFileType = text.plist.xml; path = "Cash NowTests-Info.plist"; sourceTree = "<group>"; };
		AAD30295191924BB000E4A47 /* en */ = {isa = PBXFileReference; lastKnownFileType = text.plist.strings; name = en; path = en.lproj/InfoPlist.strings; sourceTree = "<group>"; };
		AAD30297191924BB000E4A47 /* Cash_NowTests.m */ = {isa = PBXFileReference; lastKnownFileType = sourcecode.c.objc; path = Cash_NowTests.m; sourceTree = "<group>"; };
		AAD302A319192561000E4A47 /* AudioToolbox.framework */ = {isa = PBXFileReference; lastKnownFileType = wrapper.framework; name = AudioToolbox.framework; path = System/Library/Frameworks/AudioToolbox.framework; sourceTree = SDKROOT; };
		AAD302A519192566000E4A47 /* CFNetwork.framework */ = {isa = PBXFileReference; lastKnownFileType = wrapper.framework; name = CFNetwork.framework; path = System/Library/Frameworks/CFNetwork.framework; sourceTree = SDKROOT; };
		AAD302A719192574000E4A47 /* CoreLocation.framework */ = {isa = PBXFileReference; lastKnownFileType = wrapper.framework; name = CoreLocation.framework; path = System/Library/Frameworks/CoreLocation.framework; sourceTree = SDKROOT; };
		AAD302A91919257A000E4A47 /* libz.dylib */ = {isa = PBXFileReference; lastKnownFileType = "compiled.mach-o.dylib"; name = libz.dylib; path = usr/lib/libz.dylib; sourceTree = SDKROOT; };
		AAD302AB1919257F000E4A47 /* MobileCoreServices.framework */ = {isa = PBXFileReference; lastKnownFileType = wrapper.framework; name = MobileCoreServices.framework; path = System/Library/Frameworks/MobileCoreServices.framework; sourceTree = SDKROOT; };
		AAD302AD19192584000E4A47 /* QuartzCore.framework */ = {isa = PBXFileReference; lastKnownFileType = wrapper.framework; name = QuartzCore.framework; path = System/Library/Frameworks/QuartzCore.framework; sourceTree = SDKROOT; };
		AAD302AF19192589000E4A47 /* Security.framework */ = {isa = PBXFileReference; lastKnownFileType = wrapper.framework; name = Security.framework; path = System/Library/Frameworks/Security.framework; sourceTree = SDKROOT; };
		AAD302B31919259A000E4A47 /* SystemConfiguration.framework */ = {isa = PBXFileReference; lastKnownFileType = wrapper.framework; name = SystemConfiguration.framework; path = System/Library/Frameworks/SystemConfiguration.framework; sourceTree = SDKROOT; };
		AAD302B5191925E9000E4A47 /* Social.framework */ = {isa = PBXFileReference; lastKnownFileType = wrapper.framework; name = Social.framework; path = System/Library/Frameworks/Social.framework; sourceTree = SDKROOT; };
		AAD302B7191925F1000E4A47 /* AdSupport.framework */ = {isa = PBXFileReference; lastKnownFileType = wrapper.framework; name = AdSupport.framework; path = System/Library/Frameworks/AdSupport.framework; sourceTree = SDKROOT; };
		AAD302B9191925F6000E4A47 /* Accounts.framework */ = {isa = PBXFileReference; lastKnownFileType = wrapper.framework; name = Accounts.framework; path = System/Library/Frameworks/Accounts.framework; sourceTree = SDKROOT; };
		AAD302BC19192656000E4A47 /* Storyboard.storyboard */ = {isa = PBXFileReference; fileEncoding = 4; lastKnownFileType = file.storyboard; path = Storyboard.storyboard; sourceTree = "<group>"; };
		AAD302C019193E97000E4A47 /* Twitter.framework */ = {isa = PBXFileReference; lastKnownFileType = wrapper.framework; name = Twitter.framework; path = System/Library/Frameworks/Twitter.framework; sourceTree = SDKROOT; };
		AAD302C3191947DD000E4A47 /* addJobViewController.h */ = {isa = PBXFileReference; fileEncoding = 4; lastKnownFileType = sourcecode.c.h; path = addJobViewController.h; sourceTree = "<group>"; };
		AAD302C4191947DD000E4A47 /* addJobViewController.m */ = {isa = PBXFileReference; fileEncoding = 4; lastKnownFileType = sourcecode.c.objc; path = addJobViewController.m; sourceTree = "<group>"; };
		AAFD37CC191C34AF00DF0376 /* JobsViewController.h */ = {isa = PBXFileReference; fileEncoding = 4; lastKnownFileType = sourcecode.c.h; path = JobsViewController.h; sourceTree = "<group>"; };
		AAFD37CD191C34AF00DF0376 /* JobsViewController.m */ = {isa = PBXFileReference; fileEncoding = 4; lastKnownFileType = sourcecode.c.objc; path = JobsViewController.m; sourceTree = "<group>"; };
/* End PBXFileReference section */

/* Begin PBXFrameworksBuildPhase section */
		AAD30266191924BB000E4A47 /* Frameworks */ = {
			isa = PBXFrameworksBuildPhase;
			buildActionMask = 2147483647;
			files = (
				AAD302B41919259A000E4A47 /* SystemConfiguration.framework in Frameworks */,
				AAB20A9A193676C7006C5455 /* MapKit.framework in Frameworks */,
				AAB9662B19229554003E65CF /* AVFoundation.framework in Frameworks */,
				AAB9662919229543003E65CF /* OpenGLES.framework in Frameworks */,
				AAB966271922953D003E65CF /* CoreVideo.framework in Frameworks */,
				AAB9662519229535003E65CF /* CoreMedia.framework in Frameworks */,
				AAB9652C19226B5C003E65CF /* MediaPlayer.framework in Frameworks */,
				AAD302C119193E97000E4A47 /* Twitter.framework in Frameworks */,
				AAD302B6191925EA000E4A47 /* Social.framework in Frameworks */,
				AAD302BA191925F6000E4A47 /* Accounts.framework in Frameworks */,
				AAD302B8191925F1000E4A47 /* AdSupport.framework in Frameworks */,
				AAD302AE19192584000E4A47 /* QuartzCore.framework in Frameworks */,
				AAD302A819192574000E4A47 /* CoreLocation.framework in Frameworks */,
				AAD302B019192589000E4A47 /* Security.framework in Frameworks */,
				AA0709D719DE861C005760BB /* ParseFacebookUtils.framework in Frameworks */,
				AAD302AC1919257F000E4A47 /* MobileCoreServices.framework in Frameworks */,
				AA0709D219DE84BC005760BB /* Bolts.framework in Frameworks */,
				AAD302AA1919257A000E4A47 /* libz.dylib in Frameworks */,
				AAD3026F191924BB000E4A47 /* CoreGraphics.framework in Frameworks */,
				AAD302A619192566000E4A47 /* CFNetwork.framework in Frameworks */,
				AAD302A419192561000E4A47 /* AudioToolbox.framework in Frameworks */,
				AA0709DA19DE885F005760BB /* FacebookSDK.framework in Frameworks */,
				AAD30271191924BB000E4A47 /* UIKit.framework in Frameworks */,
				AA0709D319DE84BC005760BB /* Parse.framework in Frameworks */,
				AAD3026D191924BB000E4A47 /* Foundation.framework in Frameworks */,
			);
			runOnlyForDeploymentPostprocessing = 0;
		};
		AAD30287191924BB000E4A47 /* Frameworks */ = {
			isa = PBXFrameworksBuildPhase;
			buildActionMask = 2147483647;
			files = (
				AAD3028C191924BB000E4A47 /* XCTest.framework in Frameworks */,
				AAD3028E191924BB000E4A47 /* UIKit.framework in Frameworks */,
				AAD3028D191924BB000E4A47 /* Foundation.framework in Frameworks */,
			);
			runOnlyForDeploymentPostprocessing = 0;
		};
/* End PBXFrameworksBuildPhase section */

/* Begin PBXGroup section */
		AA0972D61A9E1E8300BD394A /* Models */ = {
			isa = PBXGroup;
			children = (
				AA0973021A9F794F00BD394A /* JobMemoryManagement.h */,
				AA0973031A9F794F00BD394A /* JobMemoryManagement.m */,
				AA0973051A9F796700BD394A /* ApplicantsMemoryManagement.h */,
				AA0973061A9F796700BD394A /* ApplicantsMemoryManagement.m */,
				AA0972D31A9E1E7C00BD394A /* ImageManagement.h */,
				AA0972D41A9E1E7C00BD394A /* ImageManagement.m */,
				AA0973081A9F7A0900BD394A /* MemoryManagement.h */,
				AA0973091A9F7A0900BD394A /* MemoryManagement.m */,
				AA0972E71A9F2F6300BD394A /* JobsParseManagement.h */,
				AA0972E81A9F2F6300BD394A /* JobsParseManagement.m */,
			);
			name = Models;
			sourceTree = "<group>";
		};
		AA0972DA1A9E248A00BD394A /* CustomViews */ = {
			isa = PBXGroup;
			children = (
				AA9213871AA37C3A009D0D25 /* MapView.xib */,
				AA9213841AA37C31009D0D25 /* MapView.h */,
				AA9213851AA37C31009D0D25 /* MapView.m */,
				AA0972E51A9E447900BD394A /* FirstTimePhoneNumberView.xib */,
				AA0972E21A9E446C00BD394A /* FirstTimePhoneNumberView.h */,
				AA0972E31A9E446C00BD394A /* FirstTimePhoneNumberView.m */,
				AA0972DD1A9E2EEE00BD394A /* AddPhoneNumber.xib */,
				AA0972DF1A9E2F0500BD394A /* AddPhoneNumber.h */,
				AA0972E01A9E2F0500BD394A /* AddPhoneNumber.m */,
				AA0972DB1A9E24A500BD394A /* AddDescriptionView.xib */,
				AA0972D71A9E247600BD394A /* AddDescriptionView.h */,
				AA0972D81A9E247600BD394A /* AddDescriptionView.m */,
			);
			name = CustomViews;
			sourceTree = "<group>";
		};
		AA0972EA1A9F76E100BD394A /* Parse-NSCoding-master */ = {
			isa = PBXGroup;
			children = (
				AA0972EB1A9F76E100BD394A /* .gitignore */,
				AA0972EC1A9F76E100BD394A /* LICENSE */,
				AA0972ED1A9F76E100BD394A /* NSObject+Properties.h */,
				AA0972EE1A9F76E100BD394A /* NSObject+Properties.m */,
				AA0972EF1A9F76E100BD394A /* Parse+NSCoding.podspec */,
				AA0972F01A9F76E100BD394A /* PFACL+NSCoding.h */,
				AA0972F11A9F76E100BD394A /* PFACL+NSCoding.m */,
				AA0972F21A9F76E100BD394A /* PFFile+NSCoding.h */,
				AA0972F31A9F76E100BD394A /* PFFile+NSCoding.m */,
				AA0972F41A9F76E100BD394A /* PFGeoPoint+NSCoding.h */,
				AA0972F51A9F76E100BD394A /* PFGeoPoint+NSCoding.m */,
				AA0972F61A9F76E100BD394A /* PFObject+NSCoding.h */,
				AA0972F71A9F76E100BD394A /* PFObject+NSCoding.m */,
				AA0972F81A9F76E100BD394A /* README.md */,
			);
			path = "Parse-NSCoding-master";
			sourceTree = "<group>";
		};
		AA2AF70D193BAD36004661ED /* DateCalculations */ = {
			isa = PBXGroup;
			children = (
				AA2AF70E193BAD36004661ED /* NSDate+Calculations.h */,
				AA2AF70F193BAD36004661ED /* NSDate+Calculations.m */,
			);
			path = DateCalculations;
			sourceTree = "<group>";
		};
		AA2DD64E195633D900538F2C /* fonts */ = {
			isa = PBXGroup;
			children = (
			);
			name = fonts;
			path = ..;
			sourceTree = "<group>";
		};
		AA310B96191CD8C100C9F92B /* GGdraggable */ = {
			isa = PBXGroup;
			children = (
				AA310B93191CD59900C9F92B /* GGOverlayView.h */,
				AA310B94191CD59900C9F92B /* GGOverlayView.m */,
				AA0973131AA09E8100BD394A /* ViewJob.xib */,
				AA310B90191CD17E00C9F92B /* GGDraggableView.h */,
				AA310B91191CD17E00C9F92B /* GGDraggableView.m */,
				AA0973111AA0884900BD394A /* ViewApplicant.xib */,
				AA9A8B80191ECB4200644E86 /* GGDraggableViewApplicants.h */,
				AA9A8B81191ECB4200644E86 /* GGDraggableViewApplicants.m */,
			);
			name = GGdraggable;
			sourceTree = "<group>";
		};
		AAB965FD1922879A003E65CF /* customProgressView */ = {
			isa = PBXGroup;
			children = (
				AAB965F719228794003E65CF /* ASPopUpView.h */,
				AAB965F819228794003E65CF /* ASPopUpView.m */,
				AAB965F919228794003E65CF /* ASProgressPopUpView.h */,
				AAB965FA19228794003E65CF /* ASProgressPopUpView.m */,
			);
			name = customProgressView;
			sourceTree = "<group>";
		};
		AAB9660519228E9D003E65CF /* boucing views */ = {
			isa = PBXGroup;
			children = (
			);
			name = "boucing views";
			sourceTree = "<group>";
		};
		AAD30260191924BB000E4A47 = {
			isa = PBXGroup;
			children = (
				AA0709DB19E0A592005760BB /* THChatInput.h */,
				AA0709DC19E0A592005760BB /* THChatInput.m */,
				AA0972EA1A9F76E100BD394A /* Parse-NSCoding-master */,
				AA0972DA1A9E248A00BD394A /* CustomViews */,
				AA0972D61A9E1E8300BD394A /* Models */,
				AAD30272191924BB000E4A47 /* Cash Now */,
				AAD30291191924BB000E4A47 /* Cash NowTests */,
				AAD3026B191924BB000E4A47 /* Frameworks */,
				AAD3026A191924BB000E4A47 /* Products */,
			);
			sourceTree = "<group>";
		};
		AAD3026A191924BB000E4A47 /* Products */ = {
			isa = PBXGroup;
			children = (
				AAD30269191924BB000E4A47 /* Cash Now.app */,
				AAD3028A191924BB000E4A47 /* Cash NowTests.xctest */,
			);
			name = Products;
			sourceTree = "<group>";
		};
		AAD3026B191924BB000E4A47 /* Frameworks */ = {
			isa = PBXGroup;
			children = (
				AA0709D919DE885F005760BB /* FacebookSDK.framework */,
				AA0709D619DE861C005760BB /* ParseFacebookUtils.framework */,
				AA0709D019DE84BC005760BB /* Bolts.framework */,
				AA0709D119DE84BC005760BB /* Parse.framework */,
				AAB20A99193676C7006C5455 /* MapKit.framework */,
				AAB9662A19229554003E65CF /* AVFoundation.framework */,
				AAB9662819229543003E65CF /* OpenGLES.framework */,
				AAB966261922953D003E65CF /* CoreVideo.framework */,
				AAB9662419229535003E65CF /* CoreMedia.framework */,
				AAB9652B19226B5C003E65CF /* MediaPlayer.framework */,
				AAD302C019193E97000E4A47 /* Twitter.framework */,
				AAD302B9191925F6000E4A47 /* Accounts.framework */,
				AAD302B7191925F1000E4A47 /* AdSupport.framework */,
				AAD302B5191925E9000E4A47 /* Social.framework */,
				AAD302B31919259A000E4A47 /* SystemConfiguration.framework */,
				AAD302AF19192589000E4A47 /* Security.framework */,
				AAD302AD19192584000E4A47 /* QuartzCore.framework */,
				AAD302AB1919257F000E4A47 /* MobileCoreServices.framework */,
				AAD302A91919257A000E4A47 /* libz.dylib */,
				AAD302A719192574000E4A47 /* CoreLocation.framework */,
				AAD302A519192566000E4A47 /* CFNetwork.framework */,
				AAD302A319192561000E4A47 /* AudioToolbox.framework */,
				AAD3026C191924BB000E4A47 /* Foundation.framework */,
				AAD3026E191924BB000E4A47 /* CoreGraphics.framework */,
				AAD30270191924BB000E4A47 /* UIKit.framework */,
				AAD3028B191924BB000E4A47 /* XCTest.framework */,
			);
			name = Frameworks;
			sourceTree = "<group>";
		};
		AAD30272191924BB000E4A47 /* Cash Now */ = {
			isa = PBXGroup;
			children = (
				AAD302BC19192656000E4A47 /* Storyboard.storyboard */,
				AA0973151AA22BAA00BD394A /* LaunchImageViewController.h */,
				AA0973161AA22BAA00BD394A /* LaunchImageViewController.m */,
				AA09730E1AA06ADD00BD394A /* ApplicantsForJobViewController.h */,
				AA09730F1AA06ADD00BD394A /* ApplicantsForJobViewController.m */,
				AA09730B1AA0622D00BD394A /* MyPostedJobsViewController.h */,
				AA09730C1AA0622D00BD394A /* MyPostedJobsViewController.m */,
				AA0972D01A9E14D800BD394A /* ProfileMVPViewController.h */,
				AA0972D11A9E14D800BD394A /* ProfileMVPViewController.m */,
				AA0709CD19DE76CD005760BB /* MyProfileViewController.h */,
				AA0709CE19DE76CD005760BB /* MyProfileViewController.m */,
				AAD302C3191947DD000E4A47 /* addJobViewController.h */,
				AAD302C4191947DD000E4A47 /* addJobViewController.m */,
				AA07A9581947867F00427D7E /* DetailJobForConversationViewController.h */,
				AA07A9591947867F00427D7E /* DetailJobForConversationViewController.m */,
				AA2E3EE719240F54000C4692 /* FriendsViewController.h */,
				AA2E3EE819240F54000C4692 /* FriendsViewController.m */,
				AAFD37CC191C34AF00DF0376 /* JobsViewController.h */,
				AAFD37CD191C34AF00DF0376 /* JobsViewController.m */,
				AA5BD4201922C54F0032C21C /* LogInViewControllerCustom.h */,
				AA5BD4211922C54F0032C21C /* LogInViewControllerCustom.m */,
				AAB20AA419369A25006C5455 /* MyAnnotation.h */,
				AAB20AA519369A25006C5455 /* MyAnnotation.m */,
				AA9A8B7D191EAA8800644E86 /* MyJobsViewController.h */,
				AA9A8B7E191EAA8800644E86 /* MyJobsViewController.m */,
				AA5623541926AE8400DF0625 /* ProfileJobApplicantViewController.h */,
				AA5623551926AE8400DF0625 /* ProfileJobApplicantViewController.m */,
				AA56234C19269FB100DF0625 /* ProfileJobsProviderViewController.h */,
				AA56234D19269FB100DF0625 /* ProfileJobsProviderViewController.m */,
				AAD23B9419197A4700297539 /* ProfileViewController.h */,
				AAD23B9519197A4700297539 /* ProfileViewController.m */,
				AA9A8BAD191F3E2300644E86 /* SettingsViewController.h */,
				AA9A8BAE191F3E2300644E86 /* SettingsViewController.m */,
				AA9A8B86191EF0DA00644E86 /* SidebarViewController.h */,
				AA9A8B87191EF0DA00644E86 /* SidebarViewController.m */,
				AA9A8B83191EF04400644E86 /* SWRevealViewController.h */,
				AA9A8B84191EF04400644E86 /* SWRevealViewController.m */,
				AA34A7CD1929E12D006F5F4E /* TestMessagesViewController.h */,
				AA34A7CE1929E12D006F5F4E /* TestMessagesViewController.m */,
				AA5BD41D1922C4B20032C21C /* UserDetailsViewController.h */,
				AA5BD41E1922C4B20032C21C /* UserDetailsViewController.m */,
				AAD30281191924BB000E4A47 /* ViewController.h */,
				AAD30282191924BB000E4A47 /* ViewController.m */,
				AAB966431922C2B4003E65CF /* login-button-small@2x.png */,
				AAD30273191924BB000E4A47 /* Supporting Files */,
				AAB9660519228E9D003E65CF /* boucing views */,
				AAB965FD1922879A003E65CF /* customProgressView */,
				AA2AF70D193BAD36004661ED /* DateCalculations */,
				AA310B96191CD8C100C9F92B /* GGdraggable */,
			);
			path = "Cash Now";
			sourceTree = "<group>";
		};
		AAD30273191924BB000E4A47 /* Supporting Files */ = {
			isa = PBXGroup;
			children = (
				AA0709E019E0BF62005760BB /* AvenirNextLTPro-Medium.otf */,
				AA0709E119E0BF62005760BB /* AvenirNextLTPro-Regular.otf */,
				AA0709E219E0BF62005760BB /* AvenirNextLTPro-UltLt.otf */,
				AA2DD64F195633EB00538F2C /* OpenSans-Light.ttf */,
				AA2DD650195633EB00538F2C /* OpenSans-Regular.ttf */,
				AAD3027B191924BB000E4A47 /* AppDelegate.h */,
				AAD3027C191924BB000E4A47 /* AppDelegate.m */,
				AA9EC1491AA476C6000515FE /* Launch Screen.xib */,
				AAD30274191924BB000E4A47 /* Cash Now-Info.plist */,
				AA4D493B1944D51D00C4BAF1 /* JobsList.plist */,
				AACA399F1928280600B16BA5 /* Conversations.plist */,
				AAD30275191924BB000E4A47 /* InfoPlist.strings */,
				AAD30278191924BB000E4A47 /* main.m */,
				AAD3027A191924BB000E4A47 /* Cash Now-Prefix.pch */,
				AA9A8BB2191F8F6500644E86 /* Media2.xcassets */,
				AA2DD64E195633D900538F2C /* fonts */,
			);
			name = "Supporting Files";
			sourceTree = "<group>";
		};
		AAD30291191924BB000E4A47 /* Cash NowTests */ = {
			isa = PBXGroup;
			children = (
				AAD30297191924BB000E4A47 /* Cash_NowTests.m */,
				AAD30292191924BB000E4A47 /* Supporting Files */,
			);
			path = "Cash NowTests";
			sourceTree = "<group>";
		};
		AAD30292191924BB000E4A47 /* Supporting Files */ = {
			isa = PBXGroup;
			children = (
				AAD30293191924BB000E4A47 /* Cash NowTests-Info.plist */,
				AAD30294191924BB000E4A47 /* InfoPlist.strings */,
			);
			name = "Supporting Files";
			sourceTree = "<group>";
		};
/* End PBXGroup section */

/* Begin PBXNativeTarget section */
		AAD30268191924BB000E4A47 /* Cash Now */ = {
			isa = PBXNativeTarget;
			buildConfigurationList = AAD3029B191924BB000E4A47 /* Build configuration list for PBXNativeTarget "Cash Now" */;
			buildPhases = (
				AAD30265191924BB000E4A47 /* Sources */,
				AAD30266191924BB000E4A47 /* Frameworks */,
				AAD30267191924BB000E4A47 /* Resources */,
			);
			buildRules = (
			);
			dependencies = (
			);
			name = "Cash Now";
			productName = "Cash Now";
			productReference = AAD30269191924BB000E4A47 /* Cash Now.app */;
			productType = "com.apple.product-type.application";
		};
		AAD30289191924BB000E4A47 /* Cash NowTests */ = {
			isa = PBXNativeTarget;
			buildConfigurationList = AAD3029E191924BB000E4A47 /* Build configuration list for PBXNativeTarget "Cash NowTests" */;
			buildPhases = (
				AAD30286191924BB000E4A47 /* Sources */,
				AAD30287191924BB000E4A47 /* Frameworks */,
				AAD30288191924BB000E4A47 /* Resources */,
			);
			buildRules = (
			);
			dependencies = (
				AAD30290191924BB000E4A47 /* PBXTargetDependency */,
			);
			name = "Cash NowTests";
			productName = "Cash NowTests";
			productReference = AAD3028A191924BB000E4A47 /* Cash NowTests.xctest */;
			productType = "com.apple.product-type.bundle.unit-test";
		};
/* End PBXNativeTarget section */

/* Begin PBXProject section */
		AAD30261191924BB000E4A47 /* Project object */ = {
			isa = PBXProject;
			attributes = {
				LastUpgradeCheck = 0510;
				ORGANIZATIONNAME = "Amaury Soviche";
				TargetAttributes = {
					AAD30268191924BB000E4A47 = {
						DevelopmentTeam = H46W7A5TSE;
						SystemCapabilities = {
							com.apple.InAppPurchase = {
								enabled = 0;
							};
						};
					};
					AAD30289191924BB000E4A47 = {
						TestTargetID = AAD30268191924BB000E4A47;
					};
				};
			};
			buildConfigurationList = AAD30264191924BB000E4A47 /* Build configuration list for PBXProject "Cash Now" */;
			compatibilityVersion = "Xcode 3.2";
			developmentRegion = English;
			hasScannedForEncodings = 0;
			knownRegions = (
				en,
				Base,
			);
			mainGroup = AAD30260191924BB000E4A47;
			productRefGroup = AAD3026A191924BB000E4A47 /* Products */;
			projectDirPath = "";
			projectRoot = "";
			targets = (
				AAD30268191924BB000E4A47 /* Cash Now */,
				AAD30289191924BB000E4A47 /* Cash NowTests */,
			);
		};
/* End PBXProject section */

/* Begin PBXResourcesBuildPhase section */
		AAD30267191924BB000E4A47 /* Resources */ = {
			isa = PBXResourcesBuildPhase;
			buildActionMask = 2147483647;
			files = (
				AA0709E619E0DB52005760BB /* OpenSans-Light.ttf in Resources */,
				AA0709E719E0DB52005760BB /* OpenSans-Regular.ttf in Resources */,
				AA9A8BB3191F8F6500644E86 /* Media2.xcassets in Resources */,
				AA0709E319E0BF62005760BB /* AvenirNextLTPro-Medium.otf in Resources */,
				AA0709E519E0BF62005760BB /* AvenirNextLTPro-UltLt.otf in Resources */,
				AA9EC14A1AA476C6000515FE /* Launch Screen.xib in Resources */,
				AAD302BD19192656000E4A47 /* Storyboard.storyboard in Resources */,
				AA0972E61A9E447900BD394A /* FirstTimePhoneNumberView.xib in Resources */,
				AAD30277191924BB000E4A47 /* InfoPlist.strings in Resources */,
				AA0972DE1A9E2EEE00BD394A /* AddPhoneNumber.xib in Resources */,
				AA9213881AA37C3A009D0D25 /* MapView.xib in Resources */,
				AA0709E419E0BF62005760BB /* AvenirNextLTPro-Regular.otf in Resources */,
				AA0973141AA09E8100BD394A /* ViewJob.xib in Resources */,
				AA0972FA1A9F76E100BD394A /* LICENSE in Resources */,
				AA0972FC1A9F76E100BD394A /* Parse+NSCoding.podspec in Resources */,
				AA0972F91A9F76E100BD394A /* .gitignore in Resources */,
				AAB966441922C2B4003E65CF /* login-button-small@2x.png in Resources */,
				AACA39A01928280600B16BA5 /* Conversations.plist in Resources */,
				AA4D493C1944D51D00C4BAF1 /* JobsList.plist in Resources */,
				AA0972DC1A9E24A500BD394A /* AddDescriptionView.xib in Resources */,
				AA0973121AA0884900BD394A /* ViewApplicant.xib in Resources */,
			);
			runOnlyForDeploymentPostprocessing = 0;
		};
		AAD30288191924BB000E4A47 /* Resources */ = {
			isa = PBXResourcesBuildPhase;
			buildActionMask = 2147483647;
			files = (
				AAD30296191924BB000E4A47 /* InfoPlist.strings in Resources */,
			);
			runOnlyForDeploymentPostprocessing = 0;
		};
/* End PBXResourcesBuildPhase section */

/* Begin PBXSourcesBuildPhase section */
		AAD30265191924BB000E4A47 /* Sources */ = {
			isa = PBXSourcesBuildPhase;
			buildActionMask = 2147483647;
			files = (
				AAB20AA619369A25006C5455 /* MyAnnotation.m in Sources */,
				AA9A8B88191EF0DA00644E86 /* SidebarViewController.m in Sources */,
				AA0973001A9F76E100BD394A /* PFObject+NSCoding.m in Sources */,
				AAD302C5191947DD000E4A47 /* addJobViewController.m in Sources */,
				AA2AF710193BAD36004661ED /* NSDate+Calculations.m in Sources */,
				AA0972D51A9E1E7C00BD394A /* ImageManagement.m in Sources */,
				AA310B92191CD17E00C9F92B /* GGDraggableView.m in Sources */,
				AA09730D1AA0622D00BD394A /* MyPostedJobsViewController.m in Sources */,
				AA07A95A1947867F00427D7E /* DetailJobForConversationViewController.m in Sources */,
				AA5BD4221922C54F0032C21C /* LogInViewControllerCustom.m in Sources */,
				AA0709CF19DE76CD005760BB /* MyProfileViewController.m in Sources */,
				AA0972E41A9E446C00BD394A /* FirstTimePhoneNumberView.m in Sources */,
				AAFD37CE191C34AF00DF0376 /* JobsViewController.m in Sources */,
				AAD30283191924BB000E4A47 /* ViewController.m in Sources */,
				AA34A7CF1929E12D006F5F4E /* TestMessagesViewController.m in Sources */,
				AA0973171AA22BAA00BD394A /* LaunchImageViewController.m in Sources */,
				AA09730A1A9F7A0900BD394A /* MemoryManagement.m in Sources */,
				AA0973041A9F794F00BD394A /* JobMemoryManagement.m in Sources */,
				AA310B95191CD59900C9F92B /* GGOverlayView.m in Sources */,
				AA0972FB1A9F76E100BD394A /* NSObject+Properties.m in Sources */,
				AAD3027D191924BB000E4A47 /* AppDelegate.m in Sources */,
				AAD30279191924BB000E4A47 /* main.m in Sources */,
				AA0972D91A9E247600BD394A /* AddDescriptionView.m in Sources */,
				AA5BD41F1922C4B20032C21C /* UserDetailsViewController.m in Sources */,
				AA0972E11A9E2F0500BD394A /* AddPhoneNumber.m in Sources */,
				AA0972FE1A9F76E100BD394A /* PFFile+NSCoding.m in Sources */,
				AA9A8B82191ECB4200644E86 /* GGDraggableViewApplicants.m in Sources */,
				AA0709DD19E0A592005760BB /* THChatInput.m in Sources */,
				AA9A8B7F191EAA8800644E86 /* MyJobsViewController.m in Sources */,
				AA0972E91A9F2F6300BD394A /* JobsParseManagement.m in Sources */,
				AA5623561926AE8400DF0625 /* ProfileJobApplicantViewController.m in Sources */,
				AAD23B9619197A4700297539 /* ProfileViewController.m in Sources */,
				AA0972D21A9E14D800BD394A /* ProfileMVPViewController.m in Sources */,
				AAB965FB19228794003E65CF /* ASPopUpView.m in Sources */,
				AA9213861AA37C31009D0D25 /* MapView.m in Sources */,
				AAB965FC19228794003E65CF /* ASProgressPopUpView.m in Sources */,
				AA2E3EE919240F54000C4692 /* FriendsViewController.m in Sources */,
				AA0973011A9F76E100BD394A /* README.md in Sources */,
				AA0973101AA06ADD00BD394A /* ApplicantsForJobViewController.m in Sources */,
				AA0972FF1A9F76E100BD394A /* PFGeoPoint+NSCoding.m in Sources */,
				AA9A8B85191EF04400644E86 /* SWRevealViewController.m in Sources */,
				AA0973071A9F796700BD394A /* ApplicantsMemoryManagement.m in Sources */,
				AA0972FD1A9F76E100BD394A /* PFACL+NSCoding.m in Sources */,
				AA9A8BAF191F3E2300644E86 /* SettingsViewController.m in Sources */,
				AA56234E19269FB100DF0625 /* ProfileJobsProviderViewController.m in Sources */,
			);
			runOnlyForDeploymentPostprocessing = 0;
		};
		AAD30286191924BB000E4A47 /* Sources */ = {
			isa = PBXSourcesBuildPhase;
			buildActionMask = 2147483647;
			files = (
				AAD30298191924BB000E4A47 /* Cash_NowTests.m in Sources */,
			);
			runOnlyForDeploymentPostprocessing = 0;
		};
/* End PBXSourcesBuildPhase section */

/* Begin PBXTargetDependency section */
		AAD30290191924BB000E4A47 /* PBXTargetDependency */ = {
			isa = PBXTargetDependency;
			target = AAD30268191924BB000E4A47 /* Cash Now */;
			targetProxy = AAD3028F191924BB000E4A47 /* PBXContainerItemProxy */;
		};
/* End PBXTargetDependency section */

/* Begin PBXVariantGroup section */
		AAD30275191924BB000E4A47 /* InfoPlist.strings */ = {
			isa = PBXVariantGroup;
			children = (
				AAD30276191924BB000E4A47 /* en */,
			);
			name = InfoPlist.strings;
			sourceTree = "<group>";
		};
		AAD30294191924BB000E4A47 /* InfoPlist.strings */ = {
			isa = PBXVariantGroup;
			children = (
				AAD30295191924BB000E4A47 /* en */,
			);
			name = InfoPlist.strings;
			sourceTree = "<group>";
		};
/* End PBXVariantGroup section */

/* Begin XCBuildConfiguration section */
		AAD30299191924BB000E4A47 /* Debug */ = {
			isa = XCBuildConfiguration;
			buildSettings = {
				ALWAYS_SEARCH_USER_PATHS = NO;
				CLANG_CXX_LANGUAGE_STANDARD = "gnu++0x";
				CLANG_CXX_LIBRARY = "libc++";
				CLANG_ENABLE_MODULES = YES;
				CLANG_ENABLE_OBJC_ARC = YES;
				CLANG_WARN_BOOL_CONVERSION = YES;
				CLANG_WARN_CONSTANT_CONVERSION = YES;
				CLANG_WARN_DIRECT_OBJC_ISA_USAGE = YES_ERROR;
				CLANG_WARN_EMPTY_BODY = YES;
				CLANG_WARN_ENUM_CONVERSION = YES;
				CLANG_WARN_INT_CONVERSION = YES;
				CLANG_WARN_OBJC_ROOT_CLASS = YES_ERROR;
				CLANG_WARN__DUPLICATE_METHOD_MATCH = YES;
				"CODE_SIGN_IDENTITY[sdk=iphoneos*]" = "iPhone Developer";
				COPY_PHASE_STRIP = NO;
				GCC_C_LANGUAGE_STANDARD = gnu99;
				GCC_DYNAMIC_NO_PIC = NO;
				GCC_OPTIMIZATION_LEVEL = 0;
				GCC_PREPROCESSOR_DEFINITIONS = (
					"DEBUG=1",
					"$(inherited)",
				);
				GCC_SYMBOLS_PRIVATE_EXTERN = NO;
				GCC_WARN_64_TO_32_BIT_CONVERSION = YES;
				GCC_WARN_ABOUT_RETURN_TYPE = YES_ERROR;
				GCC_WARN_UNDECLARED_SELECTOR = YES;
				GCC_WARN_UNINITIALIZED_AUTOS = YES_AGGRESSIVE;
				GCC_WARN_UNUSED_FUNCTION = YES;
				GCC_WARN_UNUSED_VARIABLE = YES;
				IPHONEOS_DEPLOYMENT_TARGET = 7.1;
				ONLY_ACTIVE_ARCH = YES;
				SDKROOT = iphoneos;
				TARGETED_DEVICE_FAMILY = 2;
			};
			name = Debug;
		};
		AAD3029A191924BB000E4A47 /* Release */ = {
			isa = XCBuildConfiguration;
			buildSettings = {
				ALWAYS_SEARCH_USER_PATHS = NO;
				CLANG_CXX_LANGUAGE_STANDARD = "gnu++0x";
				CLANG_CXX_LIBRARY = "libc++";
				CLANG_ENABLE_MODULES = YES;
				CLANG_ENABLE_OBJC_ARC = YES;
				CLANG_WARN_BOOL_CONVERSION = YES;
				CLANG_WARN_CONSTANT_CONVERSION = YES;
				CLANG_WARN_DIRECT_OBJC_ISA_USAGE = YES_ERROR;
				CLANG_WARN_EMPTY_BODY = YES;
				CLANG_WARN_ENUM_CONVERSION = YES;
				CLANG_WARN_INT_CONVERSION = YES;
				CLANG_WARN_OBJC_ROOT_CLASS = YES_ERROR;
				CLANG_WARN__DUPLICATE_METHOD_MATCH = YES;
				"CODE_SIGN_IDENTITY[sdk=iphoneos*]" = "iPhone Developer";
				COPY_PHASE_STRIP = YES;
				ENABLE_NS_ASSERTIONS = NO;
				GCC_C_LANGUAGE_STANDARD = gnu99;
				GCC_WARN_64_TO_32_BIT_CONVERSION = YES;
				GCC_WARN_ABOUT_RETURN_TYPE = YES_ERROR;
				GCC_WARN_UNDECLARED_SELECTOR = YES;
				GCC_WARN_UNINITIALIZED_AUTOS = YES_AGGRESSIVE;
				GCC_WARN_UNUSED_FUNCTION = YES;
				GCC_WARN_UNUSED_VARIABLE = YES;
				IPHONEOS_DEPLOYMENT_TARGET = 7.1;
				SDKROOT = iphoneos;
				TARGETED_DEVICE_FAMILY = 2;
				VALIDATE_PRODUCT = YES;
			};
			name = Release;
		};
		AAD3029C191924BB000E4A47 /* Debug */ = {
			isa = XCBuildConfiguration;
			buildSettings = {
				ASSETCATALOG_COMPILER_APPICON_NAME = "AppIcon-1";
				ASSETCATALOG_COMPILER_LAUNCHIMAGE_NAME = LaunchImage;
				CODE_SIGN_IDENTITY = "iPhone Developer";
				"CODE_SIGN_IDENTITY[sdk=iphoneos*]" = "iPhone Developer";
				FRAMEWORK_SEARCH_PATHS = (
					"$(inherited)",
					"$(PROJECT_DIR)",
					"$(DEVELOPER_FRAMEWORKS_DIR)",
					"$(PROJECT_DIR)/FacebookSDK",
				);
				GCC_PRECOMPILE_PREFIX_HEADER = YES;
				GCC_PREFIX_HEADER = "Cash Now/Cash Now-Prefix.pch";
				INFOPLIST_FILE = "Cash Now/Cash Now-Info.plist";
				IPHONEOS_DEPLOYMENT_TARGET = 7.0;
				PRODUCT_NAME = "$(TARGET_NAME)";
				PROVISIONING_PROFILE = "";
				TARGETED_DEVICE_FAMILY = 1;
				WRAPPER_EXTENSION = app;
			};
			name = Debug;
		};
		AAD3029D191924BB000E4A47 /* Release */ = {
			isa = XCBuildConfiguration;
			buildSettings = {
				ASSETCATALOG_COMPILER_APPICON_NAME = "AppIcon-1";
				ASSETCATALOG_COMPILER_LAUNCHIMAGE_NAME = LaunchImage;
				CODE_SIGN_IDENTITY = "iPhone Developer";
				"CODE_SIGN_IDENTITY[sdk=iphoneos*]" = "iPhone Developer";
				FRAMEWORK_SEARCH_PATHS = (
					"$(inherited)",
					"$(PROJECT_DIR)",
					"$(DEVELOPER_FRAMEWORKS_DIR)",
					"$(PROJECT_DIR)/FacebookSDK",
				);
				GCC_PRECOMPILE_PREFIX_HEADER = YES;
				GCC_PREFIX_HEADER = "Cash Now/Cash Now-Prefix.pch";
				INFOPLIST_FILE = "Cash Now/Cash Now-Info.plist";
				IPHONEOS_DEPLOYMENT_TARGET = 7.0;
				PRODUCT_NAME = "$(TARGET_NAME)";
				PROVISIONING_PROFILE = "";
				TARGETED_DEVICE_FAMILY = 1;
				WRAPPER_EXTENSION = app;
			};
			name = Release;
		};
		AAD3029F191924BB000E4A47 /* Debug */ = {
			isa = XCBuildConfiguration;
			buildSettings = {
				BUNDLE_LOADER = "$(BUILT_PRODUCTS_DIR)/Cash Now.app/Cash Now";
				FRAMEWORK_SEARCH_PATHS = (
					"$(SDKROOT)/Developer/Library/Frameworks",
					"$(inherited)",
					"$(DEVELOPER_FRAMEWORKS_DIR)",
				);
				GCC_PRECOMPILE_PREFIX_HEADER = YES;
				GCC_PREFIX_HEADER = "Cash Now/Cash Now-Prefix.pch";
				GCC_PREPROCESSOR_DEFINITIONS = (
					"DEBUG=1",
					"$(inherited)",
				);
				INFOPLIST_FILE = "Cash NowTests/Cash NowTests-Info.plist";
				PRODUCT_NAME = "$(TARGET_NAME)";
				TEST_HOST = "$(BUNDLE_LOADER)";
				WRAPPER_EXTENSION = xctest;
			};
			name = Debug;
		};
		AAD302A0191924BB000E4A47 /* Release */ = {
			isa = XCBuildConfiguration;
			buildSettings = {
				BUNDLE_LOADER = "$(BUILT_PRODUCTS_DIR)/Cash Now.app/Cash Now";
				FRAMEWORK_SEARCH_PATHS = (
					"$(SDKROOT)/Developer/Library/Frameworks",
					"$(inherited)",
					"$(DEVELOPER_FRAMEWORKS_DIR)",
				);
				GCC_PRECOMPILE_PREFIX_HEADER = YES;
				GCC_PREFIX_HEADER = "Cash Now/Cash Now-Prefix.pch";
				INFOPLIST_FILE = "Cash NowTests/Cash NowTests-Info.plist";
				PRODUCT_NAME = "$(TARGET_NAME)";
				TEST_HOST = "$(BUNDLE_LOADER)";
				WRAPPER_EXTENSION = xctest;
			};
			name = Release;
		};
/* End XCBuildConfiguration section */

/* Begin XCConfigurationList section */
		AAD30264191924BB000E4A47 /* Build configuration list for PBXProject "Cash Now" */ = {
			isa = XCConfigurationList;
			buildConfigurations = (
				AAD30299191924BB000E4A47 /* Debug */,
				AAD3029A191924BB000E4A47 /* Release */,
			);
			defaultConfigurationIsVisible = 0;
			defaultConfigurationName = Release;
		};
		AAD3029B191924BB000E4A47 /* Build configuration list for PBXNativeTarget "Cash Now" */ = {
			isa = XCConfigurationList;
			buildConfigurations = (
				AAD3029C191924BB000E4A47 /* Debug */,
				AAD3029D191924BB000E4A47 /* Release */,
			);
			defaultConfigurationIsVisible = 0;
			defaultConfigurationName = Release;
		};
		AAD3029E191924BB000E4A47 /* Build configuration list for PBXNativeTarget "Cash NowTests" */ = {
			isa = XCConfigurationList;
			buildConfigurations = (
				AAD3029F191924BB000E4A47 /* Debug */,
				AAD302A0191924BB000E4A47 /* Release */,
			);
			defaultConfigurationIsVisible = 0;
			defaultConfigurationName = Release;
		};
/* End XCConfigurationList section */
	};
	rootObject = AAD30261191924BB000E4A47 /* Project object */;
}
